{
  "name": "lab4-demo",
  "version": "1.0.0",
  "lockfileVersion": 3,
  "requires": true,
  "packages": {
    "": {
      "name": "lab4-demo",
      "version": "1.0.0",
      "license": "MIT",
      "dependencies": {
        "@arthur/lab4-core": "file:../lab4-core"
      }
    },
    "../lab4-core": {
      "name": "@arthur/lab4-core",
      "version": "1.0.0",
      "license": "MIT"
    },
    "node_modules/@arthur/lab4-core": {
      "resolved": "../lab4-core",
      "link": true
    }
  }
}
