{
  "name": "lab1-demo",
  "version": "1.0.0",
  "lockfileVersion": 3,
  "requires": true,
  "packages": {
    "": {
      "name": "lab1-demo",
      "version": "1.0.0",
      "license": "ISC",
      "dependencies": {
        "@arthur/lab1-core": "file:../lab1-core"
      }
    },
    "../lab1-core": {
      "name": "@arthur/lab1-core",
      "version": "1.0.0",
      "license": "MIT"
    },
    "node_modules/@arthur/lab1-core": {
      "resolved": "../lab1-core",
      "link": true
    }
  }
}
