{
  "name": "lab6-demo",
  "version": "1.0.0",
  "lockfileVersion": 3,
  "requires": true,
  "packages": {
    "": {
      "name": "lab6-demo",
      "version": "1.0.0",
      "dependencies": {
        "@arthur/lab6-core": "file:../lab6-core"
      }
    },
    "../lab6-core": {
      "name": "@arthur/lab6-core",
      "version": "1.0.0",
      "license": "MIT"
    },
    "node_modules/@arthur/lab6-core": {
      "resolved": "../lab6-core",
      "link": true
    }
  }
}
